
Microsoft Visual Studio Solution File, Format Version 12.00
# Visual Studio Version 17
VisualStudioVersion = 17.12.35527.113 d17.12
MinimumVisualStudioVersion = 10.0.40219.1
Project("{FAE04EC0-301F-11D3-BF4B-00C04F79EFBC}") = "Personal finance app", "Personal finance app.csproj", "{566C346C-3933-4DD2-A755-D3F0EB50A924}"
EndProject
Global
	GlobalSection(SolutionConfigurationPlatforms) = preSolution
		Debug|Any CPU = Debug|Any CPU
		Release|Any CPU = Release|Any CPU
	EndGlobalSection
	GlobalSection(ProjectConfigurationPlatforms) = postSolution
		{566C346C-3933-4DD2-A755-D3F0EB50A924}.Debug|Any CPU.ActiveCfg = Debug|Any CPU
		{566C346C-3933-4DD2-A755-D3F0EB50A924}.Debug|Any CPU.Build.0 = Debug|Any CPU
		{566C346C-3933-4DD2-A755-D3F0EB50A924}.Release|Any CPU.ActiveCfg = Release|Any CPU
		{566C346C-3933-4DD2-A755-D3F0EB50A924}.Release|Any CPU.Build.0 = Release|Any CPU
	EndGlobalSection
	GlobalSection(SolutionProperties) = preSolution
		HideSolutionNode = FALSE
	EndGlobalSection
EndGlobal
